
Microsoft Visual Studio Solution File, Format Version 12.00
# Visual Studio Version 17
VisualStudioVersion = 17.3.32811.315
MinimumVisualStudioVersion = 10.0.40219.1
Project("{9A19103F-16F7-4668-BE54-9A1E7A4F7556}") = "WebAppDETAug2022", "WebAppDETAug2022\WebAppDETAug2022.csproj", "{C484A604-BB02-4E8A-B408-0F24C1AA7AD7}"
EndProject
Project("{9A19103F-16F7-4668-BE54-9A1E7A4F7556}") = "MVCDemo", "MVCDemo\MVCDemo.csproj", "{16E32DDA-3CD9-42DE-9BA5-3D074059796C}"
EndProject
Project("{9A19103F-16F7-4668-BE54-9A1E7A4F7556}") = "APIDemo", "APIDemo\APIDemo.csproj", "{3F30BBE8-420F-4788-813A-2DDBF22F4936}"
EndProject
Project("{9A19103F-16F7-4668-BE54-9A1E7A4F7556}") = "TodoApi", "TodoApi\TodoApi.csproj", "{523059E6-17AD-48DA-9ADC-659A38D943FA}"
EndProject
Project("{9A19103F-16F7-4668-BE54-9A1E7A4F7556}") = "OData6Demo.Api", "..\..\..\Downloads\OData6Demo-master\OData6Demo-master\OData6Demo.Api\OData6Demo.Api.csproj", "{7758E725-EC27-47C0-9047-9B8A9EF42F69}"
EndProject
Project("{FAE04EC0-301F-11D3-BF4B-00C04F79EFBC}") = "Bank", "Bank\Bank.csproj", "{EADD2E26-1ACD-4A3C-BCF9-B41141274DB2}"
EndProject
Project("{FAE04EC0-301F-11D3-BF4B-00C04F79EFBC}") = "BankTests", "BankTests\BankTests.csproj", "{0EE9F765-51D9-48E9-AD3F-C8ECCDDB1BDD}"
EndProject
Global
	GlobalSection(SolutionConfigurationPlatforms) = preSolution
		Debug|Any CPU = Debug|Any CPU
		Release|Any CPU = Release|Any CPU
	EndGlobalSection
	GlobalSection(ProjectConfigurationPlatforms) = postSolution
		{C484A604-BB02-4E8A-B408-0F24C1AA7AD7}.Debug|Any CPU.ActiveCfg = Debug|Any CPU
		{C484A604-BB02-4E8A-B408-0F24C1AA7AD7}.Debug|Any CPU.Build.0 = Debug|Any CPU
		{C484A604-BB02-4E8A-B408-0F24C1AA7AD7}.Release|Any CPU.ActiveCfg = Release|Any CPU
		{C484A604-BB02-4E8A-B408-0F24C1AA7AD7}.Release|Any CPU.Build.0 = Release|Any CPU
		{16E32DDA-3CD9-42DE-9BA5-3D074059796C}.Debug|Any CPU.ActiveCfg = Debug|Any CPU
		{16E32DDA-3CD9-42DE-9BA5-3D074059796C}.Debug|Any CPU.Build.0 = Debug|Any CPU
		{16E32DDA-3CD9-42DE-9BA5-3D074059796C}.Release|Any CPU.ActiveCfg = Release|Any CPU
		{16E32DDA-3CD9-42DE-9BA5-3D074059796C}.Release|Any CPU.Build.0 = Release|Any CPU
		{3F30BBE8-420F-4788-813A-2DDBF22F4936}.Debug|Any CPU.ActiveCfg = Debug|Any CPU
		{3F30BBE8-420F-4788-813A-2DDBF22F4936}.Debug|Any CPU.Build.0 = Debug|Any CPU
		{3F30BBE8-420F-4788-813A-2DDBF22F4936}.Release|Any CPU.ActiveCfg = Release|Any CPU
		{3F30BBE8-420F-4788-813A-2DDBF22F4936}.Release|Any CPU.Build.0 = Release|Any CPU
		{523059E6-17AD-48DA-9ADC-659A38D943FA}.Debug|Any CPU.ActiveCfg = Debug|Any CPU
		{523059E6-17AD-48DA-9ADC-659A38D943FA}.Debug|Any CPU.Build.0 = Debug|Any CPU
		{523059E6-17AD-48DA-9ADC-659A38D943FA}.Release|Any CPU.ActiveCfg = Release|Any CPU
		{523059E6-17AD-48DA-9ADC-659A38D943FA}.Release|Any CPU.Build.0 = Release|Any CPU
		{7758E725-EC27-47C0-9047-9B8A9EF42F69}.Debug|Any CPU.ActiveCfg = Debug|Any CPU
		{7758E725-EC27-47C0-9047-9B8A9EF42F69}.Debug|Any CPU.Build.0 = Debug|Any CPU
		{7758E725-EC27-47C0-9047-9B8A9EF42F69}.Release|Any CPU.ActiveCfg = Release|Any CPU
		{7758E725-EC27-47C0-9047-9B8A9EF42F69}.Release|Any CPU.Build.0 = Release|Any CPU
		{EADD2E26-1ACD-4A3C-BCF9-B41141274DB2}.Debug|Any CPU.ActiveCfg = Debug|Any CPU
		{EADD2E26-1ACD-4A3C-BCF9-B41141274DB2}.Debug|Any CPU.Build.0 = Debug|Any CPU
		{EADD2E26-1ACD-4A3C-BCF9-B41141274DB2}.Release|Any CPU.ActiveCfg = Release|Any CPU
		{EADD2E26-1ACD-4A3C-BCF9-B41141274DB2}.Release|Any CPU.Build.0 = Release|Any CPU
		{0EE9F765-51D9-48E9-AD3F-C8ECCDDB1BDD}.Debug|Any CPU.ActiveCfg = Debug|Any CPU
		{0EE9F765-51D9-48E9-AD3F-C8ECCDDB1BDD}.Debug|Any CPU.Build.0 = Debug|Any CPU
		{0EE9F765-51D9-48E9-AD3F-C8ECCDDB1BDD}.Release|Any CPU.ActiveCfg = Release|Any CPU
		{0EE9F765-51D9-48E9-AD3F-C8ECCDDB1BDD}.Release|Any CPU.Build.0 = Release|Any CPU
	EndGlobalSection
	GlobalSection(SolutionProperties) = preSolution
		HideSolutionNode = FALSE
	EndGlobalSection
	GlobalSection(ExtensibilityGlobals) = postSolution
		SolutionGuid = {9AF7A736-3652-4CEA-8DD9-E453B033B7F8}
	EndGlobalSection
EndGlobal
